PODS:
  - ExtensibleEnumeratedName (1.0.3)
  - WolfAnimation (1.1.0):
    - WolfConcurrency
    - WolfFoundation
    - WolfLog
  - WolfApp (1.0.4):
    - WolfAnimation
    - WolfConcurrency
    - WolfFoundation
    - WolfLocale
    - WolfOSBridge
  - WolfAutolayout (1.1.0):
    - WolfFoundation
    - WolfGeometry
    - WolfOSBridge
    - WolfPipe
  - WolfCache (1.0.3):
    - ExtensibleEnumeratedName
    - WolfConcurrency
    - WolfImage
    - WolfLog
    - WolfNetwork
  - WolfColor (2.0.0):
    - WolfFoundation
    - WolfNumerics
    - WolfOSBridge
    - WolfPipe
  - WolfConcurrency (1.1.2):
    - WolfFoundation
    - WolfLog
    - WolfNumerics
  - WolfFoundation (2.1.0):
    - WolfNumerics
    - WolfPipe
  - WolfGeometry (2.1.0):
    - ExtensibleEnumeratedName
    - WolfFoundation
    - WolfNumerics
    - WolfStrings
  - WolfImage (3.0.0):
    - WolfColor
    - WolfFoundation
    - WolfGeometry
    - WolfNumerics
    - WolfOSBridge
    - WolfPipe
  - WolfLocale (1.0.2):
    - ExtensibleEnumeratedName
    - WolfLog
    - WolfStrings
  - WolfLog (1.0.2):
    - ExtensibleEnumeratedName
    - WolfNumerics
    - WolfStrings
  - WolfNesting (1.0.2)
  - WolfNetwork (1.0.4):
    - ExtensibleEnumeratedName
    - WolfApp
    - WolfConcurrency
    - WolfFoundation
    - WolfLocale
    - WolfLog
    - WolfPipe
    - WolfPubSub
    - WolfSec
  - WolfNumerics (3.0.0)
  - WolfOSBridge (1.1.0)
  - WolfPipe (1.1.0)
  - WolfPubSub (1.0.1):
    - WolfConcurrency
    - WolfFoundation
  - WolfSec (2.0.0):
    - WolfFoundation
    - WolfPipe
  - WolfStrings (1.2.1):
    - ExtensibleEnumeratedName
    - WolfNumerics
    - WolfOSBridge
    - WolfPipe
    - WolfWith
  - WolfViewControllers (1.0.5):
    - WolfConcurrency
    - WolfFoundation
    - WolfLocale
    - WolfLog
    - WolfNesting
    - WolfStrings
    - WolfViews
  - WolfViews (1.0.8):
    - WolfAnimation
    - WolfApp
    - WolfAutolayout
    - WolfCache
    - WolfColor
    - WolfConcurrency
    - WolfFoundation
    - WolfGeometry
    - WolfImage
    - WolfLocale
    - WolfNesting
    - WolfOSBridge
    - WolfStrings
    - WolfWith
  - WolfWith (1.0.2)

DEPENDENCIES:
  - WolfViewControllers (from `../`)

SPEC REPOS:
  https://github.com/cocoapods/specs.git:
    - ExtensibleEnumeratedName
    - WolfAnimation
    - WolfApp
    - WolfAutolayout
    - WolfCache
    - WolfColor
    - WolfConcurrency
    - WolfFoundation
    - WolfGeometry
    - WolfImage
    - WolfLocale
    - WolfLog
    - WolfNesting
    - WolfNetwork
    - WolfNumerics
    - WolfOSBridge
    - WolfPipe
    - WolfPubSub
    - WolfSec
    - WolfStrings
    - WolfViews
    - WolfWith

EXTERNAL SOURCES:
  WolfViewControllers:
    :path: "../"

SPEC CHECKSUMS:
  ExtensibleEnumeratedName: c6caeb662f79105e7229a613f9043e8a7e15e642
  WolfAnimation: 57207d196fde58a6fc4a63ecc24c4d0e2e430e1b
  WolfApp: a7510f65d535ba7aaa1fb999b0e48dfd969590f7
  WolfAutolayout: 4e93b7229b93d17167d1ba92b8b2807aa115ab28
  WolfCache: 724446786523479b81d85e682b669b488993c729
  WolfColor: 235b7fe146a6438b25168a2375ea8091fb5a7718
  WolfConcurrency: 47b03b9c2e35dc663b56970777a2b7368821a412
  WolfFoundation: e3738fadbd87d3867c9a3894eed514576f7c6896
  WolfGeometry: 67fdf16f04f9f063457b76600ea1eaedb8bf17bb
  WolfImage: 2b99c282226ed1ca84aa6ef6b35761edcdaeba22
  WolfLocale: cc7921bc5d24c5e792603e7732c476385f969176
  WolfLog: 6329a08de6c099ca6ccea857127d9df2f74dfea3
  WolfNesting: ed169fafc53142d54e017da592ca55e6afbd10fa
  WolfNetwork: 2b09957438c7b4529ffb39cf24b04eb9b56fe7e2
  WolfNumerics: 073642f01957a5602df21531e8b2fd31e8b92042
  WolfOSBridge: b44c359c659d4ac704602f3f18336ffedfbb5d6a
  WolfPipe: 5d5633fb37d8a524e326ad9cf24420f0971c8235
  WolfPubSub: 9a29c3cf6c3ec1f70054febb22a612afcded5d9b
  WolfSec: 50574442108ef063a86fb902c310024c98017cd7
  WolfStrings: cb9fa16cb9853699764ee7f1eda2bcc75fe9d4f2
  WolfViewControllers: 3d9ae8b470315878e742a03294f43832c6ab4d11
  WolfViews: 449527b8bdb398d4e43acd890c2cc95d142c56dc
  WolfWith: 46dbfeaa023972bb82387740ca38c976bc65fbac

PODFILE CHECKSUM: e57bd7712f36557ba32e1ca3ef5110e1f79481d7

COCOAPODS: 1.6.0.beta.2
